
Microsoft Visual Studio Solution File, Format Version 12.00
# Visual Studio Version 17
VisualStudioVersion = 17.0.32112.339
MinimumVisualStudioVersion = 10.0.40219.1
Project("{FAE04EC0-301F-11D3-BF4B-00C04F79EFBC}") = "BrimstoneDataService", "BrimstoneDataService.csproj", "{B0A6F52F-C167-4296-B068-7A441C60433F}"
EndProject
Global
	GlobalSection(SolutionConfigurationPlatforms) = preSolution
		Debug|Any CPU = Debug|Any CPU
		Release|Any CPU = Release|Any CPU
	EndGlobalSection
	GlobalSection(ProjectConfigurationPlatforms) = postSolution
		{B0A6F52F-C167-4296-B068-7A441C60433F}.Debug|Any CPU.ActiveCfg = Debug|Any CPU
		{B0A6F52F-C167-4296-B068-7A441C60433F}.Debug|Any CPU.Build.0 = Debug|Any CPU
		{B0A6F52F-C167-4296-B068-7A441C60433F}.Release|Any CPU.ActiveCfg = Release|Any CPU
		{B0A6F52F-C167-4296-B068-7A441C60433F}.Release|Any CPU.Build.0 = Release|Any CPU
	EndGlobalSection
	GlobalSection(SolutionProperties) = preSolution
		HideSolutionNode = FALSE
	EndGlobalSection
	GlobalSection(ExtensibilityGlobals) = postSolution
		SolutionGuid = {E663C84F-D7E8-4352-815E-1A89DBCA18C7}
	EndGlobalSection
EndGlobal
